
Microsoft Visual Studio Solution File, Format Version 12.00
# Visual Studio 15
VisualStudioVersion = 15.0.26430.14
MinimumVisualStudioVersion = 10.0.40219.1
Project("{FAE04EC0-301F-11D3-BF4B-00C04F79EFBC}") = "CFNewDb.Logic", "CFNewDb.Logic\CFNewDb.Logic.csproj", "{B7E969E6-F9D9-4FA9-BA08-FB6BAE672780}"
EndProject
Project("{FAE04EC0-301F-11D3-BF4B-00C04F79EFBC}") = "CFNewDb.ConsoleUI", "CFNewDb.ConsoleUI\CFNewDb.ConsoleUI.csproj", "{D83B9890-503C-47AB-BD88-2113625618C5}"
EndProject
Global
	GlobalSection(SolutionConfigurationPlatforms) = preSolution
		Debug|Any CPU = Debug|Any CPU
		Release|Any CPU = Release|Any CPU
	EndGlobalSection
	GlobalSection(ProjectConfigurationPlatforms) = postSolution
		{B7E969E6-F9D9-4FA9-BA08-FB6BAE672780}.Debug|Any CPU.ActiveCfg = Debug|Any CPU
		{B7E969E6-F9D9-4FA9-BA08-FB6BAE672780}.Debug|Any CPU.Build.0 = Debug|Any CPU
		{B7E969E6-F9D9-4FA9-BA08-FB6BAE672780}.Release|Any CPU.ActiveCfg = Release|Any CPU
		{B7E969E6-F9D9-4FA9-BA08-FB6BAE672780}.Release|Any CPU.Build.0 = Release|Any CPU
		{D83B9890-503C-47AB-BD88-2113625618C5}.Debug|Any CPU.ActiveCfg = Debug|Any CPU
		{D83B9890-503C-47AB-BD88-2113625618C5}.Debug|Any CPU.Build.0 = Debug|Any CPU
		{D83B9890-503C-47AB-BD88-2113625618C5}.Release|Any CPU.ActiveCfg = Release|Any CPU
		{D83B9890-503C-47AB-BD88-2113625618C5}.Release|Any CPU.Build.0 = Release|Any CPU
	EndGlobalSection
	GlobalSection(SolutionProperties) = preSolution
		HideSolutionNode = FALSE
	EndGlobalSection
EndGlobal
